// !$*UTF8*$!
{
	archiveVersion = 1;
	classes = {
	};
	objectVersion = 55;
	objects = {

/* Begin PBXBuildFile section */
		736074892846C25F00DA79F4 /* AppDelegate.swift in Sources */ = {isa = PBXBuildFile; fileRef = 736074882846C25F00DA79F4 /* AppDelegate.swift */; };
		7360748B2846C25F00DA79F4 /* SceneDelegate.swift in Sources */ = {isa = PBXBuildFile; fileRef = 7360748A2846C25F00DA79F4 /* SceneDelegate.swift */; };
		736074902846C25F00DA79F4 /* Main.storyboard in Resources */ = {isa = PBXBuildFile; fileRef = 7360748E2846C25F00DA79F4 /* Main.storyboard */; };
		736074922846C26000DA79F4 /* Assets.xcassets in Resources */ = {isa = PBXBuildFile; fileRef = 736074912846C26000DA79F4 /* Assets.xcassets */; };
		736074952846C26000DA79F4 /* LaunchScreen.storyboard in Resources */ = {isa = PBXBuildFile; fileRef = 736074932846C26000DA79F4 /* LaunchScreen.storyboard */; };
		7360749E2846C2E000DA79F4 /* Movie Manager.swift in Sources */ = {isa = PBXBuildFile; fileRef = 7360749D2846C2E000DA79F4 /* Movie Manager.swift */; };
		736074A02846C31700DA79F4 /* Movie Model.swift in Sources */ = {isa = PBXBuildFile; fileRef = 7360749F2846C31700DA79F4 /* Movie Model.swift */; };
		736074A22846C36F00DA79F4 /* Movie data.swift in Sources */ = {isa = PBXBuildFile; fileRef = 736074A12846C36F00DA79F4 /* Movie data.swift */; };
		736074A52848107800DA79F4 /* Kingfisher in Frameworks */ = {isa = PBXBuildFile; productRef = 736074A42848107800DA79F4 /* Kingfisher */; };
		736074B52848AAC800DA79F4 /* MovieTabBarController.swift in Sources */ = {isa = PBXBuildFile; fileRef = 736074B42848AAC700DA79F4 /* MovieTabBarController.swift */; };
		736074B72848B82E00DA79F4 /* FavoriteViewController.swift in Sources */ = {isa = PBXBuildFile; fileRef = 736074B62848B82E00DA79F4 /* FavoriteViewController.swift */; };
		736074BC2848DD9400DA79F4 /* FavoriteCell.swift in Sources */ = {isa = PBXBuildFile; fileRef = 736074BB2848DD9400DA79F4 /* FavoriteCell.swift */; };
		736074D82849F81600DA79F4 /* DataFile.swift in Sources */ = {isa = PBXBuildFile; fileRef = 736074D72849F81600DA79F4 /* DataFile.swift */; };
		736074DA284A04EE00DA79F4 /* MainViewController.swift in Sources */ = {isa = PBXBuildFile; fileRef = 736074D9284A04EE00DA79F4 /* MainViewController.swift */; };
		736074DF284A3EF300DA79F4 /* MainTableViewCell.swift in Sources */ = {isa = PBXBuildFile; fileRef = 736074DD284A3EF300DA79F4 /* MainTableViewCell.swift */; };
		736074E0284A3EF300DA79F4 /* MainTableViewCell.xib in Resources */ = {isa = PBXBuildFile; fileRef = 736074DE284A3EF300DA79F4 /* MainTableViewCell.xib */; };
		736074E3284A3F1700DA79F4 /* MainCollectionViewCell.swift in Sources */ = {isa = PBXBuildFile; fileRef = 736074E1284A3F1600DA79F4 /* MainCollectionViewCell.swift */; };
		736074E4284A3F1700DA79F4 /* MainCollectionViewCell.xib in Resources */ = {isa = PBXBuildFile; fileRef = 736074E2284A3F1600DA79F4 /* MainCollectionViewCell.xib */; };
/* End PBXBuildFile section */

/* Begin PBXFileReference section */
		736074852846C25F00DA79F4 /* Movie Demo.app */ = {isa = PBXFileReference; explicitFileType = wrapper.application; includeInIndex = 0; path = "Movie Demo.app"; sourceTree = BUILT_PRODUCTS_DIR; };
		736074882846C25F00DA79F4 /* AppDelegate.swift */ = {isa = PBXFileReference; lastKnownFileType = sourcecode.swift; path = AppDelegate.swift; sourceTree = "<group>"; };
		7360748A2846C25F00DA79F4 /* SceneDelegate.swift */ = {isa = PBXFileReference; lastKnownFileType = sourcecode.swift; path = SceneDelegate.swift; sourceTree = "<group>"; };
		7360748F2846C25F00DA79F4 /* Base */ = {isa = PBXFileReference; lastKnownFileType = file.storyboard; name = Base; path = Base.lproj/Main.storyboard; sourceTree = "<group>"; };
		736074912846C26000DA79F4 /* Assets.xcassets */ = {isa = PBXFileReference; lastKnownFileType = folder.assetcatalog; path = Assets.xcassets; sourceTree = "<group>"; };
		736074942846C26000DA79F4 /* Base */ = {isa = PBXFileReference; lastKnownFileType = file.storyboard; name = Base; path = Base.lproj/LaunchScreen.storyboard; sourceTree = "<group>"; };
		736074962846C26000DA79F4 /* Info.plist */ = {isa = PBXFileReference; lastKnownFileType = text.plist.xml; path = Info.plist; sourceTree = "<group>"; };
		7360749D2846C2E000DA79F4 /* Movie Manager.swift */ = {isa = PBXFileReference; lastKnownFileType = sourcecode.swift; path = "Movie Manager.swift"; sourceTree = "<group>"; };
		7360749F2846C31700DA79F4 /* Movie Model.swift */ = {isa = PBXFileReference; lastKnownFileType = sourcecode.swift; path = "Movie Model.swift"; sourceTree = "<group>"; };
		736074A12846C36F00DA79F4 /* Movie data.swift */ = {isa = PBXFileReference; lastKnownFileType = sourcecode.swift; path = "Movie data.swift"; sourceTree = "<group>"; };
		736074B42848AAC700DA79F4 /* MovieTabBarController.swift */ = {isa = PBXFileReference; lastKnownFileType = sourcecode.swift; path = MovieTabBarController.swift; sourceTree = "<group>"; };
		736074B62848B82E00DA79F4 /* FavoriteViewController.swift */ = {isa = PBXFileReference; lastKnownFileType = sourcecode.swift; path = FavoriteViewController.swift; sourceTree = "<group>"; };
		736074BB2848DD9400DA79F4 /* FavoriteCell.swift */ = {isa = PBXFileReference; lastKnownFileType = sourcecode.swift; path = FavoriteCell.swift; sourceTree = "<group>"; };
		736074D72849F81600DA79F4 /* DataFile.swift */ = {isa = PBXFileReference; lastKnownFileType = sourcecode.swift; path = DataFile.swift; sourceTree = "<group>"; };
		736074D9284A04EE00DA79F4 /* MainViewController.swift */ = {isa = PBXFileReference; lastKnownFileType = sourcecode.swift; path = MainViewController.swift; sourceTree = "<group>"; };
		736074DD284A3EF300DA79F4 /* MainTableViewCell.swift */ = {isa = PBXFileReference; lastKnownFileType = sourcecode.swift; path = MainTableViewCell.swift; sourceTree = "<group>"; };
		736074DE284A3EF300DA79F4 /* MainTableViewCell.xib */ = {isa = PBXFileReference; lastKnownFileType = file.xib; path = MainTableViewCell.xib; sourceTree = "<group>"; };
		736074E1284A3F1600DA79F4 /* MainCollectionViewCell.swift */ = {isa = PBXFileReference; lastKnownFileType = sourcecode.swift; path = MainCollectionViewCell.swift; sourceTree = "<group>"; };
		736074E2284A3F1600DA79F4 /* MainCollectionViewCell.xib */ = {isa = PBXFileReference; lastKnownFileType = file.xib; path = MainCollectionViewCell.xib; sourceTree = "<group>"; };
/* End PBXFileReference section */

/* Begin PBXFrameworksBuildPhase section */
		736074822846C25F00DA79F4 /* Frameworks */ = {
			isa = PBXFrameworksBuildPhase;
			buildActionMask = 2147483647;
			files = (
				736074A52848107800DA79F4 /* Kingfisher in Frameworks */,
			);
			runOnlyForDeploymentPostprocessing = 0;
		};
/* End PBXFrameworksBuildPhase section */

/* Begin PBXGroup section */
		7360747C2846C25F00DA79F4 = {
			isa = PBXGroup;
			children = (
				736074872846C25F00DA79F4 /* Move Demo */,
				736074862846C25F00DA79F4 /* Products */,
			);
			sourceTree = "<group>";
		};
		736074862846C25F00DA79F4 /* Products */ = {
			isa = PBXGroup;
			children = (
				736074852846C25F00DA79F4 /* Movie Demo.app */,
			);
			name = Products;
			sourceTree = "<group>";
		};
		736074872846C25F00DA79F4 /* Move Demo */ = {
			isa = PBXGroup;
			children = (
				736074B82848B83800DA79F4 /* Controllers */,
				7360749C2846C2B000DA79F4 /* Movie manager */,
				736074882846C25F00DA79F4 /* AppDelegate.swift */,
				7360748A2846C25F00DA79F4 /* SceneDelegate.swift */,
				7360748E2846C25F00DA79F4 /* Main.storyboard */,
				736074912846C26000DA79F4 /* Assets.xcassets */,
				736074932846C26000DA79F4 /* LaunchScreen.storyboard */,
				736074962846C26000DA79F4 /* Info.plist */,
			);
			path = "Move Demo";
			sourceTree = "<group>";
		};
		7360749C2846C2B000DA79F4 /* Movie manager */ = {
			isa = PBXGroup;
			children = (
				7360749D2846C2E000DA79F4 /* Movie Manager.swift */,
				7360749F2846C31700DA79F4 /* Movie Model.swift */,
				736074A12846C36F00DA79F4 /* Movie data.swift */,
				736074D72849F81600DA79F4 /* DataFile.swift */,
			);
			path = "Movie manager";
			sourceTree = "<group>";
		};
		736074B82848B83800DA79F4 /* Controllers */ = {
			isa = PBXGroup;
			children = (
				736074D9284A04EE00DA79F4 /* MainViewController.swift */,
				736074DB284A3E6F00DA79F4 /* Table Cell */,
				736074DC284A3E8000DA79F4 /* Collection Cell */,
				736074B62848B82E00DA79F4 /* FavoriteViewController.swift */,
				736074BB2848DD9400DA79F4 /* FavoriteCell.swift */,
				736074B42848AAC700DA79F4 /* MovieTabBarController.swift */,
			);
			path = Controllers;
			sourceTree = "<group>";
		};
		736074DB284A3E6F00DA79F4 /* Table Cell */ = {
			isa = PBXGroup;
			children = (
				736074DD284A3EF300DA79F4 /* MainTableViewCell.swift */,
				736074DE284A3EF300DA79F4 /* MainTableViewCell.xib */,
			);
			path = "Table Cell";
			sourceTree = "<group>";
		};
		736074DC284A3E8000DA79F4 /* Collection Cell */ = {
			isa = PBXGroup;
			children = (
				736074E1284A3F1600DA79F4 /* MainCollectionViewCell.swift */,
				736074E2284A3F1600DA79F4 /* MainCollectionViewCell.xib */,
			);
			path = "Collection Cell";
			sourceTree = "<group>";
		};
/* End PBXGroup section */

/* Begin PBXNativeTarget section */
		736074842846C25F00DA79F4 /* Movie Demo */ = {
			isa = PBXNativeTarget;
			buildConfigurationList = 736074992846C26000DA79F4 /* Build configuration list for PBXNativeTarget "Movie Demo" */;
			buildPhases = (
				736074812846C25F00DA79F4 /* Sources */,
				736074822846C25F00DA79F4 /* Frameworks */,
				736074832846C25F00DA79F4 /* Resources */,
			);
			buildRules = (
			);
			dependencies = (
			);
			name = "Movie Demo";
			packageProductDependencies = (
				736074A42848107800DA79F4 /* Kingfisher */,
			);
			productName = "Move Demo";
			productReference = 736074852846C25F00DA79F4 /* Movie Demo.app */;
			productType = "com.apple.product-type.application";
		};
/* End PBXNativeTarget section */

/* Begin PBXProject section */
		7360747D2846C25F00DA79F4 /* Project object */ = {
			isa = PBXProject;
			attributes = {
				BuildIndependentTargetsInParallel = 1;
				LastSwiftUpdateCheck = 1320;
				LastUpgradeCheck = 1320;
				TargetAttributes = {
					736074842846C25F00DA79F4 = {
						CreatedOnToolsVersion = 13.2.1;
					};
				};
			};
			buildConfigurationList = 736074802846C25F00DA79F4 /* Build configuration list for PBXProject "Movie Demo" */;
			compatibilityVersion = "Xcode 13.0";
			developmentRegion = en;
			hasScannedForEncodings = 0;
			knownRegions = (
				en,
				Base,
			);
			mainGroup = 7360747C2846C25F00DA79F4;
			packageReferences = (
				736074A32848107800DA79F4 /* XCRemoteSwiftPackageReference "Kingfisher" */,
			);
			productRefGroup = 736074862846C25F00DA79F4 /* Products */;
			projectDirPath = "";
			projectRoot = "";
			targets = (
				736074842846C25F00DA79F4 /* Movie Demo */,
			);
		};
/* End PBXProject section */

/* Begin PBXResourcesBuildPhase section */
		736074832846C25F00DA79F4 /* Resources */ = {
			isa = PBXResourcesBuildPhase;
			buildActionMask = 2147483647;
			files = (
				736074952846C26000DA79F4 /* LaunchScreen.storyboard in Resources */,
				736074922846C26000DA79F4 /* Assets.xcassets in Resources */,
				736074E0284A3EF300DA79F4 /* MainTableViewCell.xib in Resources */,
				736074E4284A3F1700DA79F4 /* MainCollectionViewCell.xib in Resources */,
				736074902846C25F00DA79F4 /* Main.storyboard in Resources */,
			);
			runOnlyForDeploymentPostprocessing = 0;
		};
/* End PBXResourcesBuildPhase section */

/* Begin PBXSourcesBuildPhase section */
		736074812846C25F00DA79F4 /* Sources */ = {
			isa = PBXSourcesBuildPhase;
			buildActionMask = 2147483647;
			files = (
				736074DA284A04EE00DA79F4 /* MainViewController.swift in Sources */,
				736074A22846C36F00DA79F4 /* Movie data.swift in Sources */,
				736074892846C25F00DA79F4 /* AppDelegate.swift in Sources */,
				7360748B2846C25F00DA79F4 /* SceneDelegate.swift in Sources */,
				736074E3284A3F1700DA79F4 /* MainCollectionViewCell.swift in Sources */,
				736074A02846C31700DA79F4 /* Movie Model.swift in Sources */,
				7360749E2846C2E000DA79F4 /* Movie Manager.swift in Sources */,
				736074BC2848DD9400DA79F4 /* FavoriteCell.swift in Sources */,
				736074B52848AAC800DA79F4 /* MovieTabBarController.swift in Sources */,
				736074B72848B82E00DA79F4 /* FavoriteViewController.swift in Sources */,
				736074DF284A3EF300DA79F4 /* MainTableViewCell.swift in Sources */,
				736074D82849F81600DA79F4 /* DataFile.swift in Sources */,
			);
			runOnlyForDeploymentPostprocessing = 0;
		};
/* End PBXSourcesBuildPhase section */

/* Begin PBXVariantGroup section */
		7360748E2846C25F00DA79F4 /* Main.storyboard */ = {
			isa = PBXVariantGroup;
			children = (
				7360748F2846C25F00DA79F4 /* Base */,
			);
			name = Main.storyboard;
			sourceTree = "<group>";
		};
		736074932846C26000DA79F4 /* LaunchScreen.storyboard */ = {
			isa = PBXVariantGroup;
			children = (
				736074942846C26000DA79F4 /* Base */,
			);
			name = LaunchScreen.storyboard;
			sourceTree = "<group>";
		};
/* End PBXVariantGroup section */

/* Begin XCBuildConfiguration section */
		736074972846C26000DA79F4 /* Debug */ = {
			isa = XCBuildConfiguration;
			buildSettings = {
				ALWAYS_SEARCH_USER_PATHS = NO;
				CLANG_ANALYZER_NONNULL = YES;
				CLANG_ANALYZER_NUMBER_OBJECT_CONVERSION = YES_AGGRESSIVE;
				CLANG_CXX_LANGUAGE_STANDARD = "gnu++17";
				CLANG_CXX_LIBRARY = "libc++";
				CLANG_ENABLE_MODULES = YES;
				CLANG_ENABLE_OBJC_ARC = YES;
				CLANG_ENABLE_OBJC_WEAK = YES;
				CLANG_WARN_BLOCK_CAPTURE_AUTORELEASING = YES;
				CLANG_WARN_BOOL_CONVERSION = YES;
				CLANG_WARN_COMMA = YES;
				CLANG_WARN_CONSTANT_CONVERSION = YES;
				CLANG_WARN_DEPRECATED_OBJC_IMPLEMENTATIONS = YES;
				CLANG_WARN_DIRECT_OBJC_ISA_USAGE = YES_ERROR;
				CLANG_WARN_DOCUMENTATION_COMMENTS = YES;
				CLANG_WARN_EMPTY_BODY = YES;
				CLANG_WARN_ENUM_CONVERSION = YES;
				CLANG_WARN_INFINITE_RECURSION = YES;
				CLANG_WARN_INT_CONVERSION = YES;
				CLANG_WARN_NON_LITERAL_NULL_CONVERSION = YES;
				CLANG_WARN_OBJC_IMPLICIT_RETAIN_SELF = YES;
				CLANG_WARN_OBJC_LITERAL_CONVERSION = YES;
				CLANG_WARN_OBJC_ROOT_CLASS = YES_ERROR;
				CLANG_WARN_QUOTED_INCLUDE_IN_FRAMEWORK_HEADER = YES;
				CLANG_WARN_RANGE_LOOP_ANALYSIS = YES;
				CLANG_WARN_STRICT_PROTOTYPES = YES;
				CLANG_WARN_SUSPICIOUS_MOVE = YES;
				CLANG_WARN_UNGUARDED_AVAILABILITY = YES_AGGRESSIVE;
				CLANG_WARN_UNREACHABLE_CODE = YES;
				CLANG_WARN__DUPLICATE_METHOD_MATCH = YES;
				COPY_PHASE_STRIP = NO;
				DEBUG_INFORMATION_FORMAT = dwarf;
				ENABLE_STRICT_OBJC_MSGSEND = YES;
				ENABLE_TESTABILITY = YES;
				GCC_C_LANGUAGE_STANDARD = gnu11;
				GCC_DYNAMIC_NO_PIC = NO;
				GCC_NO_COMMON_BLOCKS = YES;
				GCC_OPTIMIZATION_LEVEL = 0;
				GCC_PREPROCESSOR_DEFINITIONS = (
					"DEBUG=1",
					"$(inherited)",
				);
				GCC_WARN_64_TO_32_BIT_CONVERSION = YES;
				GCC_WARN_ABOUT_RETURN_TYPE = YES_ERROR;
				GCC_WARN_UNDECLARED_SELECTOR = YES;
				GCC_WARN_UNINITIALIZED_AUTOS = YES_AGGRESSIVE;
				GCC_WARN_UNUSED_FUNCTION = YES;
				GCC_WARN_UNUSED_VARIABLE = YES;
				IPHONEOS_DEPLOYMENT_TARGET = 15.2;
				MTL_ENABLE_DEBUG_INFO = INCLUDE_SOURCE;
				MTL_FAST_MATH = YES;
				ONLY_ACTIVE_ARCH = YES;
				SDKROOT = iphoneos;
				SWIFT_ACTIVE_COMPILATION_CONDITIONS = DEBUG;
				SWIFT_OPTIMIZATION_LEVEL = "-Onone";
			};
			name = Debug;
		};
		736074982846C26000DA79F4 /* Release */ = {
			isa = XCBuildConfiguration;
			buildSettings = {
				ALWAYS_SEARCH_USER_PATHS = NO;
				CLANG_ANALYZER_NONNULL = YES;
				CLANG_ANALYZER_NUMBER_OBJECT_CONVERSION = YES_AGGRESSIVE;
				CLANG_CXX_LANGUAGE_STANDARD = "gnu++17";
				CLANG_CXX_LIBRARY = "libc++";
				CLANG_ENABLE_MODULES = YES;
				CLANG_ENABLE_OBJC_ARC = YES;
				CLANG_ENABLE_OBJC_WEAK = YES;
				CLANG_WARN_BLOCK_CAPTURE_AUTORELEASING = YES;
				CLANG_WARN_BOOL_CONVERSION = YES;
				CLANG_WARN_COMMA = YES;
				CLANG_WARN_CONSTANT_CONVERSION = YES;
				CLANG_WARN_DEPRECATED_OBJC_IMPLEMENTATIONS = YES;
				CLANG_WARN_DIRECT_OBJC_ISA_USAGE = YES_ERROR;
				CLANG_WARN_DOCUMENTATION_COMMENTS = YES;
				CLANG_WARN_EMPTY_BODY = YES;
				CLANG_WARN_ENUM_CONVERSION = YES;
				CLANG_WARN_INFINITE_RECURSION = YES;
				CLANG_WARN_INT_CONVERSION = YES;
				CLANG_WARN_NON_LITERAL_NULL_CONVERSION = YES;
				CLANG_WARN_OBJC_IMPLICIT_RETAIN_SELF = YES;
				CLANG_WARN_OBJC_LITERAL_CONVERSION = YES;
				CLANG_WARN_OBJC_ROOT_CLASS = YES_ERROR;
				CLANG_WARN_QUOTED_INCLUDE_IN_FRAMEWORK_HEADER = YES;
				CLANG_WARN_RANGE_LOOP_ANALYSIS = YES;
				CLANG_WARN_STRICT_PROTOTYPES = YES;
				CLANG_WARN_SUSPICIOUS_MOVE = YES;
				CLANG_WARN_UNGUARDED_AVAILABILITY = YES_AGGRESSIVE;
				CLANG_WARN_UNREACHABLE_CODE = YES;
				CLANG_WARN__DUPLICATE_METHOD_MATCH = YES;
				COPY_PHASE_STRIP = NO;
				DEBUG_INFORMATION_FORMAT = "dwarf-with-dsym";
				ENABLE_NS_ASSERTIONS = NO;
				ENABLE_STRICT_OBJC_MSGSEND = YES;
				GCC_C_LANGUAGE_STANDARD = gnu11;
				GCC_NO_COMMON_BLOCKS = YES;
				GCC_WARN_64_TO_32_BIT_CONVERSION = YES;
				GCC_WARN_ABOUT_RETURN_TYPE = YES_ERROR;
				GCC_WARN_UNDECLARED_SELECTOR = YES;
				GCC_WARN_UNINITIALIZED_AUTOS = YES_AGGRESSIVE;
				GCC_WARN_UNUSED_FUNCTION = YES;
				GCC_WARN_UNUSED_VARIABLE = YES;
				IPHONEOS_DEPLOYMENT_TARGET = 15.2;
				MTL_ENABLE_DEBUG_INFO = NO;
				MTL_FAST_MATH = YES;
				SDKROOT = iphoneos;
				SWIFT_COMPILATION_MODE = wholemodule;
				SWIFT_OPTIMIZATION_LEVEL = "-O";
				VALIDATE_PRODUCT = YES;
			};
			name = Release;
		};
		7360749A2846C26000DA79F4 /* Debug */ = {
			isa = XCBuildConfiguration;
			buildSettings = {
				ASSETCATALOG_COMPILER_APPICON_NAME = AppIcon;
				ASSETCATALOG_COMPILER_GLOBAL_ACCENT_COLOR_NAME = AccentColor;
				CODE_SIGN_STYLE = Automatic;
				CURRENT_PROJECT_VERSION = 1;
				DEVELOPMENT_TEAM = 7HW8KD529X;
				GENERATE_INFOPLIST_FILE = YES;
				INFOPLIST_FILE = "Move Demo/Info.plist";
				INFOPLIST_KEY_UIApplicationSupportsIndirectInputEvents = YES;
				INFOPLIST_KEY_UILaunchStoryboardName = LaunchScreen;
				INFOPLIST_KEY_UIMainStoryboardFile = Main;
				INFOPLIST_KEY_UISupportedInterfaceOrientations_iPad = "UIInterfaceOrientationPortrait UIInterfaceOrientationPortraitUpsideDown UIInterfaceOrientationLandscapeLeft UIInterfaceOrientationLandscapeRight";
				INFOPLIST_KEY_UISupportedInterfaceOrientations_iPhone = "UIInterfaceOrientationPortrait UIInterfaceOrientationLandscapeLeft UIInterfaceOrientationLandscapeRight";
				LD_RUNPATH_SEARCH_PATHS = (
					"$(inherited)",
					"@executable_path/Frameworks",
				);
				MARKETING_VERSION = 1.0;
				PRODUCT_BUNDLE_IDENTIFIER = "Vansun.Move-Demo";
				PRODUCT_NAME = "$(TARGET_NAME)";
				SWIFT_EMIT_LOC_STRINGS = YES;
				SWIFT_VERSION = 5.0;
				TARGETED_DEVICE_FAMILY = "1,2";
			};
			name = Debug;
		};
		7360749B2846C26000DA79F4 /* Release */ = {
			isa = XCBuildConfiguration;
			buildSettings = {
				ASSETCATALOG_COMPILER_APPICON_NAME = AppIcon;
				ASSETCATALOG_COMPILER_GLOBAL_ACCENT_COLOR_NAME = AccentColor;
				CODE_SIGN_STYLE = Automatic;
				CURRENT_PROJECT_VERSION = 1;
				DEVELOPMENT_TEAM = 7HW8KD529X;
				GENERATE_INFOPLIST_FILE = YES;
				INFOPLIST_FILE = "Move Demo/Info.plist";
				INFOPLIST_KEY_UIApplicationSupportsIndirectInputEvents = YES;
				INFOPLIST_KEY_UILaunchStoryboardName = LaunchScreen;
				INFOPLIST_KEY_UIMainStoryboardFile = Main;
				INFOPLIST_KEY_UISupportedInterfaceOrientations_iPad = "UIInterfaceOrientationPortrait UIInterfaceOrientationPortraitUpsideDown UIInterfaceOrientationLandscapeLeft UIInterfaceOrientationLandscapeRight";
				INFOPLIST_KEY_UISupportedInterfaceOrientations_iPhone = "UIInterfaceOrientationPortrait UIInterfaceOrientationLandscapeLeft UIInterfaceOrientationLandscapeRight";
				LD_RUNPATH_SEARCH_PATHS = (
					"$(inherited)",
					"@executable_path/Frameworks",
				);
				MARKETING_VERSION = 1.0;
				PRODUCT_BUNDLE_IDENTIFIER = "Vansun.Move-Demo";
				PRODUCT_NAME = "$(TARGET_NAME)";
				SWIFT_EMIT_LOC_STRINGS = YES;
				SWIFT_VERSION = 5.0;
				TARGETED_DEVICE_FAMILY = "1,2";
			};
			name = Release;
		};
/* End XCBuildConfiguration section */

/* Begin XCConfigurationList section */
		736074802846C25F00DA79F4 /* Build configuration list for PBXProject "Movie Demo" */ = {
			isa = XCConfigurationList;
			buildConfigurations = (
				736074972846C26000DA79F4 /* Debug */,
				736074982846C26000DA79F4 /* Release */,
			);
			defaultConfigurationIsVisible = 0;
			defaultConfigurationName = Release;
		};
		736074992846C26000DA79F4 /* Build configuration list for PBXNativeTarget "Movie Demo" */ = {
			isa = XCConfigurationList;
			buildConfigurations = (
				7360749A2846C26000DA79F4 /* Debug */,
				7360749B2846C26000DA79F4 /* Release */,
			);
			defaultConfigurationIsVisible = 0;
			defaultConfigurationName = Release;
		};
/* End XCConfigurationList section */

/* Begin XCRemoteSwiftPackageReference section */
		736074A32848107800DA79F4 /* XCRemoteSwiftPackageReference "Kingfisher" */ = {
			isa = XCRemoteSwiftPackageReference;
			repositoryURL = "https://github.com/onevcat/Kingfisher.git";
			requirement = {
				kind = upToNextMajorVersion;
				minimumVersion = 7.0.0;
			};
		};
/* End XCRemoteSwiftPackageReference section */

/* Begin XCSwiftPackageProductDependency section */
		736074A42848107800DA79F4 /* Kingfisher */ = {
			isa = XCSwiftPackageProductDependency;
			package = 736074A32848107800DA79F4 /* XCRemoteSwiftPackageReference "Kingfisher" */;
			productName = Kingfisher;
		};
/* End XCSwiftPackageProductDependency section */
	};
	rootObject = 7360747D2846C25F00DA79F4 /* Project object */;
}
